
Microsoft Visual Studio Solution File, Format Version 12.00
# Visual Studio Version 16
VisualStudioVersion = 16.0.36422.26
MinimumVisualStudioVersion = 10.0.40219.1
Project("{FAE04EC0-301F-11D3-BF4B-00C04F79EFBC}") = "Ejecutable", "Ejecutable\Ejecutable.csproj", "{B020D03E-292A-4FE8-A9C3-5DABA0FEAEDE}"
EndProject
Global
	GlobalSection(SolutionConfigurationPlatforms) = preSolution
		Debug|Any CPU = Debug|Any CPU
		Release|Any CPU = Release|Any CPU
	EndGlobalSection
	GlobalSection(ProjectConfigurationPlatforms) = postSolution
		{B020D03E-292A-4FE8-A9C3-5DABA0FEAEDE}.Debug|Any CPU.ActiveCfg = Debug|Any CPU
		{B020D03E-292A-4FE8-A9C3-5DABA0FEAEDE}.Debug|Any CPU.Build.0 = Debug|Any CPU
		{B020D03E-292A-4FE8-A9C3-5DABA0FEAEDE}.Release|Any CPU.ActiveCfg = Release|Any CPU
		{B020D03E-292A-4FE8-A9C3-5DABA0FEAEDE}.Release|Any CPU.Build.0 = Release|Any CPU
	EndGlobalSection
	GlobalSection(SolutionProperties) = preSolution
		HideSolutionNode = FALSE
	EndGlobalSection
	GlobalSection(ExtensibilityGlobals) = postSolution
		SolutionGuid = {35DD33BD-BC9C-4023-A8A7-8720552B4A17}
	EndGlobalSection
EndGlobal
