
Microsoft Visual Studio Solution File, Format Version 12.00
# Visual Studio Version 16
VisualStudioVersion = 16.0.36422.26
MinimumVisualStudioVersion = 10.0.40219.1
Project("{FAE04EC0-301F-11D3-BF4B-00C04F79EFBC}") = "Capa_vista", "Capa_vista\Capa_vista.csproj", "{3A982561-735D-4B01-A10C-BAB3F2D92EC4}"
EndProject
Project("{FAE04EC0-301F-11D3-BF4B-00C04F79EFBC}") = "Capa_controlador", "Capa_controlador\Capa_controlador.csproj", "{67CB17DD-7F99-4D63-9FE0-4FAA27BA381D}"
EndProject
Project("{FAE04EC0-301F-11D3-BF4B-00C04F79EFBC}") = "Capa_modelo", "Capa_modelo\Capa_modelo.csproj", "{F1B2F853-22B2-4838-9168-3E5A9231D767}"
EndProject
Global
	GlobalSection(SolutionConfigurationPlatforms) = preSolution
		Debug|Any CPU = Debug|Any CPU
		Release|Any CPU = Release|Any CPU
	EndGlobalSection
	GlobalSection(ProjectConfigurationPlatforms) = postSolution
		{3A982561-735D-4B01-A10C-BAB3F2D92EC4}.Debug|Any CPU.ActiveCfg = Debug|Any CPU
		{3A982561-735D-4B01-A10C-BAB3F2D92EC4}.Debug|Any CPU.Build.0 = Debug|Any CPU
		{3A982561-735D-4B01-A10C-BAB3F2D92EC4}.Release|Any CPU.ActiveCfg = Release|Any CPU
		{3A982561-735D-4B01-A10C-BAB3F2D92EC4}.Release|Any CPU.Build.0 = Release|Any CPU
		{67CB17DD-7F99-4D63-9FE0-4FAA27BA381D}.Debug|Any CPU.ActiveCfg = Debug|Any CPU
		{67CB17DD-7F99-4D63-9FE0-4FAA27BA381D}.Debug|Any CPU.Build.0 = Debug|Any CPU
		{67CB17DD-7F99-4D63-9FE0-4FAA27BA381D}.Release|Any CPU.ActiveCfg = Release|Any CPU
		{67CB17DD-7F99-4D63-9FE0-4FAA27BA381D}.Release|Any CPU.Build.0 = Release|Any CPU
		{F1B2F853-22B2-4838-9168-3E5A9231D767}.Debug|Any CPU.ActiveCfg = Debug|Any CPU
		{F1B2F853-22B2-4838-9168-3E5A9231D767}.Debug|Any CPU.Build.0 = Debug|Any CPU
		{F1B2F853-22B2-4838-9168-3E5A9231D767}.Release|Any CPU.ActiveCfg = Release|Any CPU
		{F1B2F853-22B2-4838-9168-3E5A9231D767}.Release|Any CPU.Build.0 = Release|Any CPU
	EndGlobalSection
	GlobalSection(SolutionProperties) = preSolution
		HideSolutionNode = FALSE
	EndGlobalSection
	GlobalSection(ExtensibilityGlobals) = postSolution
		SolutionGuid = {06101D9E-A721-4395-A93A-1A8D5B4CD2A5}
	EndGlobalSection
EndGlobal
