
Microsoft Visual Studio Solution File, Format Version 12.00
# Visual Studio Version 16
VisualStudioVersion = 16.0.36422.26
MinimumVisualStudioVersion = 10.0.40219.1
Project("{FAE04EC0-301F-11D3-BF4B-00C04F79EFBC}") = "Capa_vistaprueba", "Capa_vistaprueba\Capa_vistaprueba.csproj", "{FF4AF593-CC61-4FA2-9975-4E24DD3571C9}"
EndProject
Global
	GlobalSection(SolutionConfigurationPlatforms) = preSolution
		Debug|Any CPU = Debug|Any CPU
		Release|Any CPU = Release|Any CPU
	EndGlobalSection
	GlobalSection(ProjectConfigurationPlatforms) = postSolution
		{FF4AF593-CC61-4FA2-9975-4E24DD3571C9}.Debug|Any CPU.ActiveCfg = Debug|Any CPU
		{FF4AF593-CC61-4FA2-9975-4E24DD3571C9}.Debug|Any CPU.Build.0 = Debug|Any CPU
		{FF4AF593-CC61-4FA2-9975-4E24DD3571C9}.Release|Any CPU.ActiveCfg = Release|Any CPU
		{FF4AF593-CC61-4FA2-9975-4E24DD3571C9}.Release|Any CPU.Build.0 = Release|Any CPU
	EndGlobalSection
	GlobalSection(SolutionProperties) = preSolution
		HideSolutionNode = FALSE
	EndGlobalSection
	GlobalSection(ExtensibilityGlobals) = postSolution
		SolutionGuid = {017DBC92-1B60-47C9-B543-530533DC8344}
	EndGlobalSection
EndGlobal
